
Microsoft Visual Studio Solution File, Format Version 12.00
# Visual Studio 2012
Project("{FAE04EC0-301F-11D3-BF4B-00C04F79EFBC}") = "GwhrTranslations", "GwhrTranslations\GwhrTranslations.csproj", "{DB223A8A-94E3-45D1-AB02-D6B2005EBE32}"
EndProject
Project("{FAE04EC0-301F-11D3-BF4B-00C04F79EFBC}") = "GwhrSettings.Core", "..\..\GwhrNetCoreSettings\GwhrSettings.Core\GwhrSettings.Core.csproj", "{019116AD-8291-4633-B5F7-5069329EB752}"
EndProject
Global
	GlobalSection(SolutionConfigurationPlatforms) = preSolution
		Debug|Any CPU = Debug|Any CPU
		Release|Any CPU = Release|Any CPU
	EndGlobalSection
	GlobalSection(ProjectConfigurationPlatforms) = postSolution
		{DB223A8A-94E3-45D1-AB02-D6B2005EBE32}.Debug|Any CPU.ActiveCfg = Debug|Any CPU
		{DB223A8A-94E3-45D1-AB02-D6B2005EBE32}.Debug|Any CPU.Build.0 = Debug|Any CPU
		{DB223A8A-94E3-45D1-AB02-D6B2005EBE32}.Release|Any CPU.ActiveCfg = Release|Any CPU
		{DB223A8A-94E3-45D1-AB02-D6B2005EBE32}.Release|Any CPU.Build.0 = Release|Any CPU
		{019116AD-8291-4633-B5F7-5069329EB752}.Debug|Any CPU.ActiveCfg = Debug|Any CPU
		{019116AD-8291-4633-B5F7-5069329EB752}.Debug|Any CPU.Build.0 = Debug|Any CPU
		{019116AD-8291-4633-B5F7-5069329EB752}.Release|Any CPU.ActiveCfg = Release|Any CPU
		{019116AD-8291-4633-B5F7-5069329EB752}.Release|Any CPU.Build.0 = Release|Any CPU
	EndGlobalSection
EndGlobal
